
Microsoft Visual Studio Solution File, Format Version 12.00
# Visual Studio Version 17
VisualStudioVersion = 17.4.33213.308
MinimumVisualStudioVersion = 10.0.40219.1
Project("{9A19103F-16F7-4668-BE54-9A1E7A4F7556}") = "MusicHub", "03. Songs Above Duration\MusicHub.csproj", "{3E9AE29B-1BC8-42F1-B511-0E89D78FBA49}"
EndProject
Global
	GlobalSection(SolutionConfigurationPlatforms) = preSolution
		Debug|Any CPU = Debug|Any CPU
		Release|Any CPU = Release|Any CPU
	EndGlobalSection
	GlobalSection(ProjectConfigurationPlatforms) = postSolution
		{3E9AE29B-1BC8-42F1-B511-0E89D78FBA49}.Debug|Any CPU.ActiveCfg = Debug|Any CPU
		{3E9AE29B-1BC8-42F1-B511-0E89D78FBA49}.Debug|Any CPU.Build.0 = Debug|Any CPU
		{3E9AE29B-1BC8-42F1-B511-0E89D78FBA49}.Release|Any CPU.ActiveCfg = Release|Any CPU
		{3E9AE29B-1BC8-42F1-B511-0E89D78FBA49}.Release|Any CPU.Build.0 = Release|Any CPU
	EndGlobalSection
	GlobalSection(SolutionProperties) = preSolution
		HideSolutionNode = FALSE
	EndGlobalSection
	GlobalSection(ExtensibilityGlobals) = postSolution
		SolutionGuid = {7B20807C-9C0D-4A07-AB74-8D60A6E198AB}
	EndGlobalSection
EndGlobal
