
Microsoft Visual Studio Solution File, Format Version 12.00
# Visual Studio Version 17
VisualStudioVersion = 17.4.33213.308
MinimumVisualStudioVersion = 10.0.40219.1
Project("{9A19103F-16F7-4668-BE54-9A1E7A4F7556}") = "SoftUni", "SoftUni\SoftUni.csproj", "{F86870A9-DE24-4BB5-938B-AB37FE6DFFBE}"
EndProject
Global
	GlobalSection(SolutionConfigurationPlatforms) = preSolution
		Debug|Any CPU = Debug|Any CPU
		Release|Any CPU = Release|Any CPU
	EndGlobalSection
	GlobalSection(ProjectConfigurationPlatforms) = postSolution
		{F86870A9-DE24-4BB5-938B-AB37FE6DFFBE}.Debug|Any CPU.ActiveCfg = Debug|Any CPU
		{F86870A9-DE24-4BB5-938B-AB37FE6DFFBE}.Debug|Any CPU.Build.0 = Debug|Any CPU
		{F86870A9-DE24-4BB5-938B-AB37FE6DFFBE}.Release|Any CPU.ActiveCfg = Release|Any CPU
		{F86870A9-DE24-4BB5-938B-AB37FE6DFFBE}.Release|Any CPU.Build.0 = Release|Any CPU
	EndGlobalSection
	GlobalSection(SolutionProperties) = preSolution
		HideSolutionNode = FALSE
	EndGlobalSection
	GlobalSection(ExtensibilityGlobals) = postSolution
		SolutionGuid = {9EDE52EB-F1B7-425F-BAC2-E7F2B5743704}
	EndGlobalSection
EndGlobal
