
Microsoft Visual Studio Solution File, Format Version 12.00
# Visual Studio Version 17
VisualStudioVersion = 17.4.33213.308
MinimumVisualStudioVersion = 10.0.40219.1
Project("{FAE04EC0-301F-11D3-BF4B-00C04F79EFBC}") = "P01_StudentSystem", "P01_StudentSystem\P01_StudentSystem.csproj", "{890E4D24-3A01-41A3-BA6A-D69DA27D3EFB}"
EndProject
Global
	GlobalSection(SolutionConfigurationPlatforms) = preSolution
		Debug|Any CPU = Debug|Any CPU
		Release|Any CPU = Release|Any CPU
	EndGlobalSection
	GlobalSection(ProjectConfigurationPlatforms) = postSolution
		{890E4D24-3A01-41A3-BA6A-D69DA27D3EFB}.Debug|Any CPU.ActiveCfg = Debug|Any CPU
		{890E4D24-3A01-41A3-BA6A-D69DA27D3EFB}.Debug|Any CPU.Build.0 = Debug|Any CPU
		{890E4D24-3A01-41A3-BA6A-D69DA27D3EFB}.Release|Any CPU.ActiveCfg = Release|Any CPU
		{890E4D24-3A01-41A3-BA6A-D69DA27D3EFB}.Release|Any CPU.Build.0 = Release|Any CPU
	EndGlobalSection
	GlobalSection(SolutionProperties) = preSolution
		HideSolutionNode = FALSE
	EndGlobalSection
	GlobalSection(ExtensibilityGlobals) = postSolution
		SolutionGuid = {6D90CBF5-74E8-4D41-B40A-768F4AC3FBA1}
	EndGlobalSection
EndGlobal
